
Microsoft Visual Studio Solution File, Format Version 12.00
# Visual Studio Version 17
VisualStudioVersion = 17.6.33829.357
MinimumVisualStudioVersion = 10.0.40219.1
Project("{8BC9CEB8-8B4A-11D0-8D11-00A0C91BC942}") = "Tic_toe_game", "Tic_toe_game.vcxproj", "{3EB60D1A-873E-48C0-9E2C-69323FD42ECA}"
EndProject
Global
	GlobalSection(SolutionConfigurationPlatforms) = preSolution
		Debug|x64 = Debug|x64
		Debug|x86 = Debug|x86
		Release|x64 = Release|x64
		Release|x86 = Release|x86
	EndGlobalSection
	GlobalSection(ProjectConfigurationPlatforms) = postSolution
		{3EB60D1A-873E-48C0-9E2C-69323FD42ECA}.Debug|x64.ActiveCfg = Debug|x64
		{3EB60D1A-873E-48C0-9E2C-69323FD42ECA}.Debug|x64.Build.0 = Debug|x64
		{3EB60D1A-873E-48C0-9E2C-69323FD42ECA}.Debug|x86.ActiveCfg = Release|x64
		{3EB60D1A-873E-48C0-9E2C-69323FD42ECA}.Debug|x86.Build.0 = Release|x64
		{3EB60D1A-873E-48C0-9E2C-69323FD42ECA}.Release|x64.ActiveCfg = Release|x64
		{3EB60D1A-873E-48C0-9E2C-69323FD42ECA}.Release|x64.Build.0 = Release|x64
		{3EB60D1A-873E-48C0-9E2C-69323FD42ECA}.Release|x86.ActiveCfg = Release|Win32
		{3EB60D1A-873E-48C0-9E2C-69323FD42ECA}.Release|x86.Build.0 = Release|Win32
	EndGlobalSection
	GlobalSection(SolutionProperties) = preSolution
		HideSolutionNode = FALSE
	EndGlobalSection
	GlobalSection(ExtensibilityGlobals) = postSolution
		SolutionGuid = {7458BBF0-684C-4146-83B2-C450F8BC58A8}
	EndGlobalSection
EndGlobal
